
Microsoft Visual Studio Solution File, Format Version 12.00
# Visual Studio Version 17
VisualStudioVersion = 17.0.31903.59
MinimumVisualStudioVersion = 10.0.40219.1
Project("{2150E333-8FDC-42A3-9474-1A3956D46DE8}") = "src", "src", "{827E0CD3-B72D-47B6-A68D-7590B98EB39B}"
EndProject
Project("{FAE04EC0-301F-11D3-BF4B-00C04F79EFBC}") = "Chirp.API", "src\Chirp.API\Chirp.API.csproj", "{1DB7A0F4-B9AB-4A2F-822A-1399440CBA08}"
EndProject
Project("{FAE04EC0-301F-11D3-BF4B-00C04F79EFBC}") = "Chirp.APICore", "src\Chirp.APICore\Chirp.APICore.csproj", "{0A1AA455-DB65-431E-B5F8-7D25A92FFFA1}"
EndProject
Project("{FAE04EC0-301F-11D3-BF4B-00C04F79EFBC}") = "Chirp.Razor", "src\Chirp.Razor\Chirp.Razor.csproj", "{11E86F99-B6D3-42AE-BEC8-49BEE9E752EB}"
EndProject
Project("{FAE04EC0-301F-11D3-BF4B-00C04F79EFBC}") = "Chirp.Types", "src\Chirp.Types\Chirp.Types.csproj", "{BDB2A388-ED02-44D5-BCE9-2933751B0C50}"
EndProject
Project("{FAE04EC0-301F-11D3-BF4B-00C04F79EFBC}") = "SimpleDB", "src\SimpleDB\SimpleDB.csproj", "{FAAC37B0-A08E-4939-90DF-4503337EC107}"
EndProject
Project("{FAE04EC0-301F-11D3-BF4B-00C04F79EFBC}") = "Utils", "src\Utils\Utils.csproj", "{65E2C734-4D25-45F8-A8CA-19A94AADB2BA}"
EndProject
Project("{2150E333-8FDC-42A3-9474-1A3956D46DE8}") = "test", "test", "{0C88DD14-F956-CE84-757C-A364CCF449FC}"
EndProject
Project("{FAE04EC0-301F-11D3-BF4B-00C04F79EFBC}") = "Chirp.API.Tests", "test\Chirp.API.Tests\Chirp.API.Tests.csproj", "{D3A13207-DAD9-45F8-9941-2B4150EB6524}"
EndProject
Project("{FAE04EC0-301F-11D3-BF4B-00C04F79EFBC}") = "Chirp.Razor.Tests", "test\Chirp.Razor.Tests\Chirp.Razor.Tests.csproj", "{48D07AB9-610D-483F-B3F1-C38BACDB368F}"
EndProject
Project("{FAE04EC0-301F-11D3-BF4B-00C04F79EFBC}") = "CSVDatabase.Tests", "test\CSVDatabase.Tests\CSVDatabase.Tests.csproj", "{77979A83-FBBE-4074-ABA0-0754BA73C78B}"
EndProject
Project("{FAE04EC0-301F-11D3-BF4B-00C04F79EFBC}") = "SQLiteDatabase.Tests", "test\SQLiteDatabase.Tests\SQLiteDatabase.Tests.csproj", "{BF3865EE-E921-4B9C-BC9C-B508CBC2CB24}"
EndProject
Project("{FAE04EC0-301F-11D3-BF4B-00C04F79EFBC}") = "Utils.Tests", "test\Utils.Tests\Utils.Tests.csproj", "{E0E596E5-1E8E-4B0B-8143-FC8DB1577B5B}"
EndProject
Global
	GlobalSection(SolutionConfigurationPlatforms) = preSolution
		Debug|Any CPU = Debug|Any CPU
		Debug|x64 = Debug|x64
		Debug|x86 = Debug|x86
		Release|Any CPU = Release|Any CPU
		Release|x64 = Release|x64
		Release|x86 = Release|x86
	EndGlobalSection
	GlobalSection(ProjectConfigurationPlatforms) = postSolution
		{1DB7A0F4-B9AB-4A2F-822A-1399440CBA08}.Debug|Any CPU.ActiveCfg = Debug|Any CPU
		{1DB7A0F4-B9AB-4A2F-822A-1399440CBA08}.Debug|Any CPU.Build.0 = Debug|Any CPU
		{1DB7A0F4-B9AB-4A2F-822A-1399440CBA08}.Debug|x64.ActiveCfg = Debug|Any CPU
		{1DB7A0F4-B9AB-4A2F-822A-1399440CBA08}.Debug|x64.Build.0 = Debug|Any CPU
		{1DB7A0F4-B9AB-4A2F-822A-1399440CBA08}.Debug|x86.ActiveCfg = Debug|Any CPU
		{1DB7A0F4-B9AB-4A2F-822A-1399440CBA08}.Debug|x86.Build.0 = Debug|Any CPU
		{1DB7A0F4-B9AB-4A2F-822A-1399440CBA08}.Release|Any CPU.ActiveCfg = Release|Any CPU
		{1DB7A0F4-B9AB-4A2F-822A-1399440CBA08}.Release|Any CPU.Build.0 = Release|Any CPU
		{1DB7A0F4-B9AB-4A2F-822A-1399440CBA08}.Release|x64.ActiveCfg = Release|Any CPU
		{1DB7A0F4-B9AB-4A2F-822A-1399440CBA08}.Release|x64.Build.0 = Release|Any CPU
		{1DB7A0F4-B9AB-4A2F-822A-1399440CBA08}.Release|x86.ActiveCfg = Release|Any CPU
		{1DB7A0F4-B9AB-4A2F-822A-1399440CBA08}.Release|x86.Build.0 = Release|Any CPU
		{0A1AA455-DB65-431E-B5F8-7D25A92FFFA1}.Debug|Any CPU.ActiveCfg = Debug|Any CPU
		{0A1AA455-DB65-431E-B5F8-7D25A92FFFA1}.Debug|Any CPU.Build.0 = Debug|Any CPU
		{0A1AA455-DB65-431E-B5F8-7D25A92FFFA1}.Debug|x64.ActiveCfg = Debug|Any CPU
		{0A1AA455-DB65-431E-B5F8-7D25A92FFFA1}.Debug|x64.Build.0 = Debug|Any CPU
		{0A1AA455-DB65-431E-B5F8-7D25A92FFFA1}.Debug|x86.ActiveCfg = Debug|Any CPU
		{0A1AA455-DB65-431E-B5F8-7D25A92FFFA1}.Debug|x86.Build.0 = Debug|Any CPU
		{0A1AA455-DB65-431E-B5F8-7D25A92FFFA1}.Release|Any CPU.ActiveCfg = Release|Any CPU
		{0A1AA455-DB65-431E-B5F8-7D25A92FFFA1}.Release|Any CPU.Build.0 = Release|Any CPU
		{0A1AA455-DB65-431E-B5F8-7D25A92FFFA1}.Release|x64.ActiveCfg = Release|Any CPU
		{0A1AA455-DB65-431E-B5F8-7D25A92FFFA1}.Release|x64.Build.0 = Release|Any CPU
		{0A1AA455-DB65-431E-B5F8-7D25A92FFFA1}.Release|x86.ActiveCfg = Release|Any CPU
		{0A1AA455-DB65-431E-B5F8-7D25A92FFFA1}.Release|x86.Build.0 = Release|Any CPU
		{11E86F99-B6D3-42AE-BEC8-49BEE9E752EB}.Debug|Any CPU.ActiveCfg = Debug|Any CPU
		{11E86F99-B6D3-42AE-BEC8-49BEE9E752EB}.Debug|Any CPU.Build.0 = Debug|Any CPU
		{11E86F99-B6D3-42AE-BEC8-49BEE9E752EB}.Debug|x64.ActiveCfg = Debug|Any CPU
		{11E86F99-B6D3-42AE-BEC8-49BEE9E752EB}.Debug|x64.Build.0 = Debug|Any CPU
		{11E86F99-B6D3-42AE-BEC8-49BEE9E752EB}.Debug|x86.ActiveCfg = Debug|Any CPU
		{11E86F99-B6D3-42AE-BEC8-49BEE9E752EB}.Debug|x86.Build.0 = Debug|Any CPU
		{11E86F99-B6D3-42AE-BEC8-49BEE9E752EB}.Release|Any CPU.ActiveCfg = Release|Any CPU
		{11E86F99-B6D3-42AE-BEC8-49BEE9E752EB}.Release|Any CPU.Build.0 = Release|Any CPU
		{11E86F99-B6D3-42AE-BEC8-49BEE9E752EB}.Release|x64.ActiveCfg = Release|Any CPU
		{11E86F99-B6D3-42AE-BEC8-49BEE9E752EB}.Release|x64.Build.0 = Release|Any CPU
		{11E86F99-B6D3-42AE-BEC8-49BEE9E752EB}.Release|x86.ActiveCfg = Release|Any CPU
		{11E86F99-B6D3-42AE-BEC8-49BEE9E752EB}.Release|x86.Build.0 = Release|Any CPU
		{BDB2A388-ED02-44D5-BCE9-2933751B0C50}.Debug|Any CPU.ActiveCfg = Debug|Any CPU
		{BDB2A388-ED02-44D5-BCE9-2933751B0C50}.Debug|Any CPU.Build.0 = Debug|Any CPU
		{BDB2A388-ED02-44D5-BCE9-2933751B0C50}.Debug|x64.ActiveCfg = Debug|Any CPU
		{BDB2A388-ED02-44D5-BCE9-2933751B0C50}.Debug|x64.Build.0 = Debug|Any CPU
		{BDB2A388-ED02-44D5-BCE9-2933751B0C50}.Debug|x86.ActiveCfg = Debug|Any CPU
		{BDB2A388-ED02-44D5-BCE9-2933751B0C50}.Debug|x86.Build.0 = Debug|Any CPU
		{BDB2A388-ED02-44D5-BCE9-2933751B0C50}.Release|Any CPU.ActiveCfg = Release|Any CPU
		{BDB2A388-ED02-44D5-BCE9-2933751B0C50}.Release|Any CPU.Build.0 = Release|Any CPU
		{BDB2A388-ED02-44D5-BCE9-2933751B0C50}.Release|x64.ActiveCfg = Release|Any CPU
		{BDB2A388-ED02-44D5-BCE9-2933751B0C50}.Release|x64.Build.0 = Release|Any CPU
		{BDB2A388-ED02-44D5-BCE9-2933751B0C50}.Release|x86.ActiveCfg = Release|Any CPU
		{BDB2A388-ED02-44D5-BCE9-2933751B0C50}.Release|x86.Build.0 = Release|Any CPU
		{FAAC37B0-A08E-4939-90DF-4503337EC107}.Debug|Any CPU.ActiveCfg = Debug|Any CPU
		{FAAC37B0-A08E-4939-90DF-4503337EC107}.Debug|Any CPU.Build.0 = Debug|Any CPU
		{FAAC37B0-A08E-4939-90DF-4503337EC107}.Debug|x64.ActiveCfg = Debug|Any CPU
		{FAAC37B0-A08E-4939-90DF-4503337EC107}.Debug|x64.Build.0 = Debug|Any CPU
		{FAAC37B0-A08E-4939-90DF-4503337EC107}.Debug|x86.ActiveCfg = Debug|Any CPU
		{FAAC37B0-A08E-4939-90DF-4503337EC107}.Debug|x86.Build.0 = Debug|Any CPU
		{FAAC37B0-A08E-4939-90DF-4503337EC107}.Release|Any CPU.ActiveCfg = Release|Any CPU
		{FAAC37B0-A08E-4939-90DF-4503337EC107}.Release|Any CPU.Build.0 = Release|Any CPU
		{FAAC37B0-A08E-4939-90DF-4503337EC107}.Release|x64.ActiveCfg = Release|Any CPU
		{FAAC37B0-A08E-4939-90DF-4503337EC107}.Release|x64.Build.0 = Release|Any CPU
		{FAAC37B0-A08E-4939-90DF-4503337EC107}.Release|x86.ActiveCfg = Release|Any CPU
		{FAAC37B0-A08E-4939-90DF-4503337EC107}.Release|x86.Build.0 = Release|Any CPU
		{65E2C734-4D25-45F8-A8CA-19A94AADB2BA}.Debug|Any CPU.ActiveCfg = Debug|Any CPU
		{65E2C734-4D25-45F8-A8CA-19A94AADB2BA}.Debug|Any CPU.Build.0 = Debug|Any CPU
		{65E2C734-4D25-45F8-A8CA-19A94AADB2BA}.Debug|x64.ActiveCfg = Debug|Any CPU
		{65E2C734-4D25-45F8-A8CA-19A94AADB2BA}.Debug|x64.Build.0 = Debug|Any CPU
		{65E2C734-4D25-45F8-A8CA-19A94AADB2BA}.Debug|x86.ActiveCfg = Debug|Any CPU
		{65E2C734-4D25-45F8-A8CA-19A94AADB2BA}.Debug|x86.Build.0 = Debug|Any CPU
		{65E2C734-4D25-45F8-A8CA-19A94AADB2BA}.Release|Any CPU.ActiveCfg = Release|Any CPU
		{65E2C734-4D25-45F8-A8CA-19A94AADB2BA}.Release|Any CPU.Build.0 = Release|Any CPU
		{65E2C734-4D25-45F8-A8CA-19A94AADB2BA}.Release|x64.ActiveCfg = Release|Any CPU
		{65E2C734-4D25-45F8-A8CA-19A94AADB2BA}.Release|x64.Build.0 = Release|Any CPU
		{65E2C734-4D25-45F8-A8CA-19A94AADB2BA}.Release|x86.ActiveCfg = Release|Any CPU
		{65E2C734-4D25-45F8-A8CA-19A94AADB2BA}.Release|x86.Build.0 = Release|Any CPU
		{D3A13207-DAD9-45F8-9941-2B4150EB6524}.Debug|Any CPU.ActiveCfg = Debug|Any CPU
		{D3A13207-DAD9-45F8-9941-2B4150EB6524}.Debug|Any CPU.Build.0 = Debug|Any CPU
		{D3A13207-DAD9-45F8-9941-2B4150EB6524}.Debug|x64.ActiveCfg = Debug|Any CPU
		{D3A13207-DAD9-45F8-9941-2B4150EB6524}.Debug|x64.Build.0 = Debug|Any CPU
		{D3A13207-DAD9-45F8-9941-2B4150EB6524}.Debug|x86.ActiveCfg = Debug|Any CPU
		{D3A13207-DAD9-45F8-9941-2B4150EB6524}.Debug|x86.Build.0 = Debug|Any CPU
		{D3A13207-DAD9-45F8-9941-2B4150EB6524}.Release|Any CPU.ActiveCfg = Release|Any CPU
		{D3A13207-DAD9-45F8-9941-2B4150EB6524}.Release|Any CPU.Build.0 = Release|Any CPU
		{D3A13207-DAD9-45F8-9941-2B4150EB6524}.Release|x64.ActiveCfg = Release|Any CPU
		{D3A13207-DAD9-45F8-9941-2B4150EB6524}.Release|x64.Build.0 = Release|Any CPU
		{D3A13207-DAD9-45F8-9941-2B4150EB6524}.Release|x86.ActiveCfg = Release|Any CPU
		{D3A13207-DAD9-45F8-9941-2B4150EB6524}.Release|x86.Build.0 = Release|Any CPU
		{48D07AB9-610D-483F-B3F1-C38BACDB368F}.Debug|Any CPU.ActiveCfg = Debug|Any CPU
		{48D07AB9-610D-483F-B3F1-C38BACDB368F}.Debug|Any CPU.Build.0 = Debug|Any CPU
		{48D07AB9-610D-483F-B3F1-C38BACDB368F}.Debug|x64.ActiveCfg = Debug|Any CPU
		{48D07AB9-610D-483F-B3F1-C38BACDB368F}.Debug|x64.Build.0 = Debug|Any CPU
		{48D07AB9-610D-483F-B3F1-C38BACDB368F}.Debug|x86.ActiveCfg = Debug|Any CPU
		{48D07AB9-610D-483F-B3F1-C38BACDB368F}.Debug|x86.Build.0 = Debug|Any CPU
		{48D07AB9-610D-483F-B3F1-C38BACDB368F}.Release|Any CPU.ActiveCfg = Release|Any CPU
		{48D07AB9-610D-483F-B3F1-C38BACDB368F}.Release|Any CPU.Build.0 = Release|Any CPU
		{48D07AB9-610D-483F-B3F1-C38BACDB368F}.Release|x64.ActiveCfg = Release|Any CPU
		{48D07AB9-610D-483F-B3F1-C38BACDB368F}.Release|x64.Build.0 = Release|Any CPU
		{48D07AB9-610D-483F-B3F1-C38BACDB368F}.Release|x86.ActiveCfg = Release|Any CPU
		{48D07AB9-610D-483F-B3F1-C38BACDB368F}.Release|x86.Build.0 = Release|Any CPU
		{77979A83-FBBE-4074-ABA0-0754BA73C78B}.Debug|Any CPU.ActiveCfg = Debug|Any CPU
		{77979A83-FBBE-4074-ABA0-0754BA73C78B}.Debug|Any CPU.Build.0 = Debug|Any CPU
		{77979A83-FBBE-4074-ABA0-0754BA73C78B}.Debug|x64.ActiveCfg = Debug|Any CPU
		{77979A83-FBBE-4074-ABA0-0754BA73C78B}.Debug|x64.Build.0 = Debug|Any CPU
		{77979A83-FBBE-4074-ABA0-0754BA73C78B}.Debug|x86.ActiveCfg = Debug|Any CPU
		{77979A83-FBBE-4074-ABA0-0754BA73C78B}.Debug|x86.Build.0 = Debug|Any CPU
		{77979A83-FBBE-4074-ABA0-0754BA73C78B}.Release|Any CPU.ActiveCfg = Release|Any CPU
		{77979A83-FBBE-4074-ABA0-0754BA73C78B}.Release|Any CPU.Build.0 = Release|Any CPU
		{77979A83-FBBE-4074-ABA0-0754BA73C78B}.Release|x64.ActiveCfg = Release|Any CPU
		{77979A83-FBBE-4074-ABA0-0754BA73C78B}.Release|x64.Build.0 = Release|Any CPU
		{77979A83-FBBE-4074-ABA0-0754BA73C78B}.Release|x86.ActiveCfg = Release|Any CPU
		{77979A83-FBBE-4074-ABA0-0754BA73C78B}.Release|x86.Build.0 = Release|Any CPU
		{BF3865EE-E921-4B9C-BC9C-B508CBC2CB24}.Debug|Any CPU.ActiveCfg = Debug|Any CPU
		{BF3865EE-E921-4B9C-BC9C-B508CBC2CB24}.Debug|Any CPU.Build.0 = Debug|Any CPU
		{BF3865EE-E921-4B9C-BC9C-B508CBC2CB24}.Debug|x64.ActiveCfg = Debug|Any CPU
		{BF3865EE-E921-4B9C-BC9C-B508CBC2CB24}.Debug|x64.Build.0 = Debug|Any CPU
		{BF3865EE-E921-4B9C-BC9C-B508CBC2CB24}.Debug|x86.ActiveCfg = Debug|Any CPU
		{BF3865EE-E921-4B9C-BC9C-B508CBC2CB24}.Debug|x86.Build.0 = Debug|Any CPU
		{BF3865EE-E921-4B9C-BC9C-B508CBC2CB24}.Release|Any CPU.ActiveCfg = Release|Any CPU
		{BF3865EE-E921-4B9C-BC9C-B508CBC2CB24}.Release|Any CPU.Build.0 = Release|Any CPU
		{BF3865EE-E921-4B9C-BC9C-B508CBC2CB24}.Release|x64.ActiveCfg = Release|Any CPU
		{BF3865EE-E921-4B9C-BC9C-B508CBC2CB24}.Release|x64.Build.0 = Release|Any CPU
		{BF3865EE-E921-4B9C-BC9C-B508CBC2CB24}.Release|x86.ActiveCfg = Release|Any CPU
		{BF3865EE-E921-4B9C-BC9C-B508CBC2CB24}.Release|x86.Build.0 = Release|Any CPU
		{E0E596E5-1E8E-4B0B-8143-FC8DB1577B5B}.Debug|Any CPU.ActiveCfg = Debug|Any CPU
		{E0E596E5-1E8E-4B0B-8143-FC8DB1577B5B}.Debug|Any CPU.Build.0 = Debug|Any CPU
		{E0E596E5-1E8E-4B0B-8143-FC8DB1577B5B}.Debug|x64.ActiveCfg = Debug|Any CPU
		{E0E596E5-1E8E-4B0B-8143-FC8DB1577B5B}.Debug|x64.Build.0 = Debug|Any CPU
		{E0E596E5-1E8E-4B0B-8143-FC8DB1577B5B}.Debug|x86.ActiveCfg = Debug|Any CPU
		{E0E596E5-1E8E-4B0B-8143-FC8DB1577B5B}.Debug|x86.Build.0 = Debug|Any CPU
		{E0E596E5-1E8E-4B0B-8143-FC8DB1577B5B}.Release|Any CPU.ActiveCfg = Release|Any CPU
		{E0E596E5-1E8E-4B0B-8143-FC8DB1577B5B}.Release|Any CPU.Build.0 = Release|Any CPU
		{E0E596E5-1E8E-4B0B-8143-FC8DB1577B5B}.Release|x64.ActiveCfg = Release|Any CPU
		{E0E596E5-1E8E-4B0B-8143-FC8DB1577B5B}.Release|x64.Build.0 = Release|Any CPU
		{E0E596E5-1E8E-4B0B-8143-FC8DB1577B5B}.Release|x86.ActiveCfg = Release|Any CPU
		{E0E596E5-1E8E-4B0B-8143-FC8DB1577B5B}.Release|x86.Build.0 = Release|Any CPU
	EndGlobalSection
	GlobalSection(SolutionProperties) = preSolution
		HideSolutionNode = FALSE
	EndGlobalSection
	GlobalSection(NestedProjects) = preSolution
		{1DB7A0F4-B9AB-4A2F-822A-1399440CBA08} = {827E0CD3-B72D-47B6-A68D-7590B98EB39B}
		{0A1AA455-DB65-431E-B5F8-7D25A92FFFA1} = {827E0CD3-B72D-47B6-A68D-7590B98EB39B}
		{11E86F99-B6D3-42AE-BEC8-49BEE9E752EB} = {827E0CD3-B72D-47B6-A68D-7590B98EB39B}
		{BDB2A388-ED02-44D5-BCE9-2933751B0C50} = {827E0CD3-B72D-47B6-A68D-7590B98EB39B}
		{FAAC37B0-A08E-4939-90DF-4503337EC107} = {827E0CD3-B72D-47B6-A68D-7590B98EB39B}
		{65E2C734-4D25-45F8-A8CA-19A94AADB2BA} = {827E0CD3-B72D-47B6-A68D-7590B98EB39B}
		{D3A13207-DAD9-45F8-9941-2B4150EB6524} = {0C88DD14-F956-CE84-757C-A364CCF449FC}
		{48D07AB9-610D-483F-B3F1-C38BACDB368F} = {0C88DD14-F956-CE84-757C-A364CCF449FC}
		{77979A83-FBBE-4074-ABA0-0754BA73C78B} = {0C88DD14-F956-CE84-757C-A364CCF449FC}
		{BF3865EE-E921-4B9C-BC9C-B508CBC2CB24} = {0C88DD14-F956-CE84-757C-A364CCF449FC}
		{E0E596E5-1E8E-4B0B-8143-FC8DB1577B5B} = {0C88DD14-F956-CE84-757C-A364CCF449FC}
	EndGlobalSection
EndGlobal
