
Microsoft Visual Studio Solution File, Format Version 12.00
# Visual Studio Version 17
VisualStudioVersion = 17.0.31903.59
MinimumVisualStudioVersion = 10.0.40219.1
Project("{2150E333-8FDC-42A3-9474-1A3956D46DE8}") = "src", "src", "{2F7EE757-0530-4070-AEB8-5C0BC0CDD58D}"
EndProject
Project("{FAE04EC0-301F-11D3-BF4B-00C04F79EFBC}") = "Chirp.Core", "src\Chirp.Core\Chirp.Core.csproj", "{7B7863F2-D970-4336-829D-303B257E9AC7}"
EndProject
Project("{FAE04EC0-301F-11D3-BF4B-00C04F79EFBC}") = "Chirp.Infrastructure", "src\Chirp.Infrastructure\Chirp.Infrastructure.csproj", "{EABAF5F6-9EC5-40C1-9533-316FDD22CF4D}"
EndProject
Project("{FAE04EC0-301F-11D3-BF4B-00C04F79EFBC}") = "Chirp.Web", "src\Chirp.Web\Chirp.Web.csproj", "{F7D84D64-821E-4153-977E-F8F22F43D646}"
EndProject
Project("{2150E333-8FDC-42A3-9474-1A3956D46DE8}") = "test", "test", "{3CC8DA54-DD56-40F7-9D80-E79AB29FF2CB}"
EndProject
Project("{FAE04EC0-301F-11D3-BF4B-00C04F79EFBC}") = "Chirp.Core.Tests", "test\Chirp.Core.Tests\Chirp.Core.Tests.csproj", "{074AB6F7-4FEF-48FE-87CA-890A243A8E6B}"
EndProject
Project("{FAE04EC0-301F-11D3-BF4B-00C04F79EFBC}") = "Chirp.Infrastructure.Tests", "test\Chirp.Infrastructure.Tests\Chirp.Infrastructure.Tests.csproj", "{95AB060E-97CB-4987-A445-E9A85622B0DC}"
EndProject
Project("{FAE04EC0-301F-11D3-BF4B-00C04F79EFBC}") = "Chirp.Utils.Tests", "test\Chirp.Utils.Tests\Chirp.Utils.Tests.csproj", "{63946F53-DDD9-41FD-B38A-00E91FDA9D94}"
EndProject
Project("{FAE04EC0-301F-11D3-BF4B-00C04F79EFBC}") = "Chirp.Web.PlayWrightTests", "test\Chirp.Web.PlayWrightTests\Chirp.Web.PlayWrightTests.csproj", "{F3A3513E-9879-420D-992E-B39B16C7E0E3}"
EndProject
Project("{FAE04EC0-301F-11D3-BF4B-00C04F79EFBC}") = "Chirp.Web.Tests", "test\Chirp.Web.Tests\Chirp.Web.Tests.csproj", "{DFE28E8B-9070-45F5-AF7A-3C89A432625F}"
EndProject
Global
	GlobalSection(SolutionConfigurationPlatforms) = preSolution
		Debug|Any CPU = Debug|Any CPU
		Release|Any CPU = Release|Any CPU
	EndGlobalSection
	GlobalSection(SolutionProperties) = preSolution
		HideSolutionNode = FALSE
	EndGlobalSection
	GlobalSection(ProjectConfigurationPlatforms) = postSolution
		{7B7863F2-D970-4336-829D-303B257E9AC7}.Debug|Any CPU.ActiveCfg = Debug|Any CPU
		{7B7863F2-D970-4336-829D-303B257E9AC7}.Debug|Any CPU.Build.0 = Debug|Any CPU
		{7B7863F2-D970-4336-829D-303B257E9AC7}.Release|Any CPU.ActiveCfg = Release|Any CPU
		{7B7863F2-D970-4336-829D-303B257E9AC7}.Release|Any CPU.Build.0 = Release|Any CPU
		{EABAF5F6-9EC5-40C1-9533-316FDD22CF4D}.Debug|Any CPU.ActiveCfg = Debug|Any CPU
		{EABAF5F6-9EC5-40C1-9533-316FDD22CF4D}.Debug|Any CPU.Build.0 = Debug|Any CPU
		{EABAF5F6-9EC5-40C1-9533-316FDD22CF4D}.Release|Any CPU.ActiveCfg = Release|Any CPU
		{EABAF5F6-9EC5-40C1-9533-316FDD22CF4D}.Release|Any CPU.Build.0 = Release|Any CPU
		{F7D84D64-821E-4153-977E-F8F22F43D646}.Debug|Any CPU.ActiveCfg = Debug|Any CPU
		{F7D84D64-821E-4153-977E-F8F22F43D646}.Debug|Any CPU.Build.0 = Debug|Any CPU
		{F7D84D64-821E-4153-977E-F8F22F43D646}.Release|Any CPU.ActiveCfg = Release|Any CPU
		{F7D84D64-821E-4153-977E-F8F22F43D646}.Release|Any CPU.Build.0 = Release|Any CPU
		{074AB6F7-4FEF-48FE-87CA-890A243A8E6B}.Debug|Any CPU.ActiveCfg = Debug|Any CPU
		{074AB6F7-4FEF-48FE-87CA-890A243A8E6B}.Debug|Any CPU.Build.0 = Debug|Any CPU
		{074AB6F7-4FEF-48FE-87CA-890A243A8E6B}.Release|Any CPU.ActiveCfg = Release|Any CPU
		{074AB6F7-4FEF-48FE-87CA-890A243A8E6B}.Release|Any CPU.Build.0 = Release|Any CPU
		{95AB060E-97CB-4987-A445-E9A85622B0DC}.Debug|Any CPU.ActiveCfg = Debug|Any CPU
		{95AB060E-97CB-4987-A445-E9A85622B0DC}.Debug|Any CPU.Build.0 = Debug|Any CPU
		{95AB060E-97CB-4987-A445-E9A85622B0DC}.Release|Any CPU.ActiveCfg = Release|Any CPU
		{95AB060E-97CB-4987-A445-E9A85622B0DC}.Release|Any CPU.Build.0 = Release|Any CPU
		{63946F53-DDD9-41FD-B38A-00E91FDA9D94}.Debug|Any CPU.ActiveCfg = Debug|Any CPU
		{63946F53-DDD9-41FD-B38A-00E91FDA9D94}.Debug|Any CPU.Build.0 = Debug|Any CPU
		{63946F53-DDD9-41FD-B38A-00E91FDA9D94}.Release|Any CPU.ActiveCfg = Release|Any CPU
		{63946F53-DDD9-41FD-B38A-00E91FDA9D94}.Release|Any CPU.Build.0 = Release|Any CPU
		{F3A3513E-9879-420D-992E-B39B16C7E0E3}.Debug|Any CPU.ActiveCfg = Debug|Any CPU
		{F3A3513E-9879-420D-992E-B39B16C7E0E3}.Debug|Any CPU.Build.0 = Debug|Any CPU
		{F3A3513E-9879-420D-992E-B39B16C7E0E3}.Release|Any CPU.ActiveCfg = Release|Any CPU
		{F3A3513E-9879-420D-992E-B39B16C7E0E3}.Release|Any CPU.Build.0 = Release|Any CPU
		{DFE28E8B-9070-45F5-AF7A-3C89A432625F}.Debug|Any CPU.ActiveCfg = Debug|Any CPU
		{DFE28E8B-9070-45F5-AF7A-3C89A432625F}.Debug|Any CPU.Build.0 = Debug|Any CPU
		{DFE28E8B-9070-45F5-AF7A-3C89A432625F}.Release|Any CPU.ActiveCfg = Release|Any CPU
		{DFE28E8B-9070-45F5-AF7A-3C89A432625F}.Release|Any CPU.Build.0 = Release|Any CPU
	EndGlobalSection
	GlobalSection(NestedProjects) = preSolution
		{7B7863F2-D970-4336-829D-303B257E9AC7} = {2F7EE757-0530-4070-AEB8-5C0BC0CDD58D}
		{EABAF5F6-9EC5-40C1-9533-316FDD22CF4D} = {2F7EE757-0530-4070-AEB8-5C0BC0CDD58D}
		{F7D84D64-821E-4153-977E-F8F22F43D646} = {2F7EE757-0530-4070-AEB8-5C0BC0CDD58D}
		{074AB6F7-4FEF-48FE-87CA-890A243A8E6B} = {3CC8DA54-DD56-40F7-9D80-E79AB29FF2CB}
		{95AB060E-97CB-4987-A445-E9A85622B0DC} = {3CC8DA54-DD56-40F7-9D80-E79AB29FF2CB}
		{63946F53-DDD9-41FD-B38A-00E91FDA9D94} = {3CC8DA54-DD56-40F7-9D80-E79AB29FF2CB}
		{F3A3513E-9879-420D-992E-B39B16C7E0E3} = {3CC8DA54-DD56-40F7-9D80-E79AB29FF2CB}
		{DFE28E8B-9070-45F5-AF7A-3C89A432625F} = {3CC8DA54-DD56-40F7-9D80-E79AB29FF2CB}
	EndGlobalSection
EndGlobal
